
Microsoft Visual Studio Solution File, Format Version 12.00
# Visual Studio Version 16
VisualStudioVersion = 16.0.31025.194
MinimumVisualStudioVersion = 10.0.40219.1
Project("{FAE04EC0-301F-11D3-BF4B-00C04F79EFBC}") = "WinFormsApp10", "WinFormsApp10\WinFormsApp10.csproj", "{21EA41F7-E88A-4C0E-A8D3-4643591F7176}"
EndProject
Global
	GlobalSection(SolutionConfigurationPlatforms) = preSolution
		Debug|Any CPU = Debug|Any CPU
		Release|Any CPU = Release|Any CPU
	EndGlobalSection
	GlobalSection(ProjectConfigurationPlatforms) = postSolution
		{21EA41F7-E88A-4C0E-A8D3-4643591F7176}.Debug|Any CPU.ActiveCfg = Debug|Any CPU
		{21EA41F7-E88A-4C0E-A8D3-4643591F7176}.Debug|Any CPU.Build.0 = Debug|Any CPU
		{21EA41F7-E88A-4C0E-A8D3-4643591F7176}.Release|Any CPU.ActiveCfg = Release|Any CPU
		{21EA41F7-E88A-4C0E-A8D3-4643591F7176}.Release|Any CPU.Build.0 = Release|Any CPU
	EndGlobalSection
	GlobalSection(SolutionProperties) = preSolution
		HideSolutionNode = FALSE
	EndGlobalSection
	GlobalSection(ExtensibilityGlobals) = postSolution
		SolutionGuid = {4759F211-7B4F-4B5A-9BBA-7A7BF511501C}
	EndGlobalSection
EndGlobal
