
Microsoft Visual Studio Solution File, Format Version 12.00
# Visual Studio Version 16
VisualStudioVersion = 16.0.31025.194
MinimumVisualStudioVersion = 10.0.40219.1
Project("{FAE04EC0-301F-11D3-BF4B-00C04F79EFBC}") = "WinFormsApp14", "WinFormsApp14\WinFormsApp14.csproj", "{A0984E2B-8D99-4CD1-8088-EA34523C8F57}"
EndProject
Global
	GlobalSection(SolutionConfigurationPlatforms) = preSolution
		Debug|Any CPU = Debug|Any CPU
		Release|Any CPU = Release|Any CPU
	EndGlobalSection
	GlobalSection(ProjectConfigurationPlatforms) = postSolution
		{A0984E2B-8D99-4CD1-8088-EA34523C8F57}.Debug|Any CPU.ActiveCfg = Debug|Any CPU
		{A0984E2B-8D99-4CD1-8088-EA34523C8F57}.Debug|Any CPU.Build.0 = Debug|Any CPU
		{A0984E2B-8D99-4CD1-8088-EA34523C8F57}.Release|Any CPU.ActiveCfg = Release|Any CPU
		{A0984E2B-8D99-4CD1-8088-EA34523C8F57}.Release|Any CPU.Build.0 = Release|Any CPU
	EndGlobalSection
	GlobalSection(SolutionProperties) = preSolution
		HideSolutionNode = FALSE
	EndGlobalSection
	GlobalSection(ExtensibilityGlobals) = postSolution
		SolutionGuid = {F0E6663C-CE6D-4374-948E-11478D3D881E}
	EndGlobalSection
EndGlobal
