
Microsoft Visual Studio Solution File, Format Version 12.00
# Visual Studio Version 16
VisualStudioVersion = 16.0.29920.165
MinimumVisualStudioVersion = 10.0.40219.1
Project("{FAE04EC0-301F-11D3-BF4B-00C04F79EFBC}") = "uyugulama2", "uyugulama2\uyugulama2.csproj", "{1AE6A46F-B762-417A-9813-347915EDB7F2}"
EndProject
Global
	GlobalSection(SolutionConfigurationPlatforms) = preSolution
		Debug|Any CPU = Debug|Any CPU
		Release|Any CPU = Release|Any CPU
	EndGlobalSection
	GlobalSection(ProjectConfigurationPlatforms) = postSolution
		{1AE6A46F-B762-417A-9813-347915EDB7F2}.Debug|Any CPU.ActiveCfg = Debug|Any CPU
		{1AE6A46F-B762-417A-9813-347915EDB7F2}.Debug|Any CPU.Build.0 = Debug|Any CPU
		{1AE6A46F-B762-417A-9813-347915EDB7F2}.Release|Any CPU.ActiveCfg = Release|Any CPU
		{1AE6A46F-B762-417A-9813-347915EDB7F2}.Release|Any CPU.Build.0 = Release|Any CPU
	EndGlobalSection
	GlobalSection(SolutionProperties) = preSolution
		HideSolutionNode = FALSE
	EndGlobalSection
	GlobalSection(ExtensibilityGlobals) = postSolution
		SolutionGuid = {632DBDD0-B8EE-46CB-8FB2-FDD676ED2F16}
	EndGlobalSection
EndGlobal
