
Microsoft Visual Studio Solution File, Format Version 12.00
# Visual Studio Version 16
VisualStudioVersion = 16.0.31025.194
MinimumVisualStudioVersion = 10.0.40219.1
Project("{FAE04EC0-301F-11D3-BF4B-00C04F79EFBC}") = "WinFormsApp15", "WinFormsApp15\WinFormsApp15.csproj", "{29E2EAD8-6BFF-4C18-90B0-8A7CFE03370A}"
EndProject
Global
	GlobalSection(SolutionConfigurationPlatforms) = preSolution
		Debug|Any CPU = Debug|Any CPU
		Release|Any CPU = Release|Any CPU
	EndGlobalSection
	GlobalSection(ProjectConfigurationPlatforms) = postSolution
		{29E2EAD8-6BFF-4C18-90B0-8A7CFE03370A}.Debug|Any CPU.ActiveCfg = Debug|Any CPU
		{29E2EAD8-6BFF-4C18-90B0-8A7CFE03370A}.Debug|Any CPU.Build.0 = Debug|Any CPU
		{29E2EAD8-6BFF-4C18-90B0-8A7CFE03370A}.Release|Any CPU.ActiveCfg = Release|Any CPU
		{29E2EAD8-6BFF-4C18-90B0-8A7CFE03370A}.Release|Any CPU.Build.0 = Release|Any CPU
	EndGlobalSection
	GlobalSection(SolutionProperties) = preSolution
		HideSolutionNode = FALSE
	EndGlobalSection
	GlobalSection(ExtensibilityGlobals) = postSolution
		SolutionGuid = {DA834900-5DF8-43FB-8A11-FBF5AF1929D1}
	EndGlobalSection
EndGlobal
